<Solution>
  <Folder Name="/Services/" />
  <Folder Name="/Services/BuildingBlocks/">
    <Project Path="BuildingBlocks/BuildingBlocks/BuildingBlocks.csproj" Id="37877b61-8c98-4c58-ae0f-cd4ef7b7c05c" />
  </Folder>
  <Folder Name="/Services/Catalog/">
    <Project Path="Services/Catalog/CatalogAPI/CatalogAPI.csproj" Id="33f909b0-dd46-4dd2-9e9d-3ae1684ca27f" />
  </Folder>
  <Project Path="docker-compose.dcproj">
    <Build />
  </Project>
</Solution>
